
Microsoft Visual Studio Solution File, Format Version 12.00
# Visual Studio Version 17
VisualStudioVersion = 17.0.31903.59
MinimumVisualStudioVersion = 10.0.40219.1
Project("{FAE04EC0-301F-11D3-BF4B-00C04F79EFBC}") = "GroceryStore", "GroceryStore\GroceryStore.csproj", "{2BDD084C-51A9-4999-AC7C-27602C9FC7A0}"
EndProject
Project("{54435603-DBB4-11D2-8724-00A0C9A8B90C}") = "Setup", "Setup\Setup.vdproj", "{F64C9965-B7EA-4447-A9D1-61DAC3D1137A}"
EndProject
Global
	GlobalSection(SolutionConfigurationPlatforms) = preSolution
		Debug|Any CPU = Debug|Any CPU
		Release|Any CPU = Release|Any CPU
	EndGlobalSection
	GlobalSection(ProjectConfigurationPlatforms) = postSolution
		{2BDD084C-51A9-4999-AC7C-27602C9FC7A0}.Debug|Any CPU.ActiveCfg = Debug|Any CPU
		{2BDD084C-51A9-4999-AC7C-27602C9FC7A0}.Debug|Any CPU.Build.0 = Debug|Any CPU
		{2BDD084C-51A9-4999-AC7C-27602C9FC7A0}.Release|Any CPU.ActiveCfg = Release|Any CPU
		{2BDD084C-51A9-4999-AC7C-27602C9FC7A0}.Release|Any CPU.Build.0 = Release|Any CPU
		{F64C9965-B7EA-4447-A9D1-61DAC3D1137A}.Debug|Any CPU.ActiveCfg = Release
		{F64C9965-B7EA-4447-A9D1-61DAC3D1137A}.Release|Any CPU.ActiveCfg = Release
	EndGlobalSection
	GlobalSection(SolutionProperties) = preSolution
		HideSolutionNode = FALSE
	EndGlobalSection
	GlobalSection(ExtensibilityGlobals) = postSolution
		SolutionGuid = {B3712D41-037F-4B7A-AE13-55A1D625F412}
	EndGlobalSection
EndGlobal
